
Microsoft Visual Studio Solution File, Format Version 12.00
# Visual Studio Version 17
VisualStudioVersion = 17.9.34723.18
MinimumVisualStudioVersion = 10.0.40219.1
Project("{FAE04EC0-301F-11D3-BF4B-00C04F79EFBC}") = "POE PART ONE ST10297839", "POE PART ONE ST10297839.csproj", "{D1628166-13AE-430E-A82E-51871209AB67}"
EndProject
Global
	GlobalSection(SolutionConfigurationPlatforms) = preSolution
		Debug|Any CPU = Debug|Any CPU
		Release|Any CPU = Release|Any CPU
	EndGlobalSection
	GlobalSection(ProjectConfigurationPlatforms) = postSolution
		{D1628166-13AE-430E-A82E-51871209AB67}.Debug|Any CPU.ActiveCfg = Debug|Any CPU
		{D1628166-13AE-430E-A82E-51871209AB67}.Debug|Any CPU.Build.0 = Debug|Any CPU
		{D1628166-13AE-430E-A82E-51871209AB67}.Release|Any CPU.ActiveCfg = Release|Any CPU
		{D1628166-13AE-430E-A82E-51871209AB67}.Release|Any CPU.Build.0 = Release|Any CPU
	EndGlobalSection
	GlobalSection(SolutionProperties) = preSolution
		HideSolutionNode = FALSE
	EndGlobalSection
	GlobalSection(ExtensibilityGlobals) = postSolution
		SolutionGuid = {E59386D2-8474-4A1F-8895-EA4680F5B873}
	EndGlobalSection
EndGlobal
